
Microsoft Visual Studio Solution File, Format Version 12.00
# Visual Studio Version 16
VisualStudioVersion = 16.0.30717.126
MinimumVisualStudioVersion = 10.0.40219.1
Project("{FAE04EC0-301F-11D3-BF4B-00C04F79EFBC}") = "GitTestingApp", "GitTestingApp.csproj", "{A246475C-7D00-4AC3-8F7F-7F1AAFEFA31B}"
EndProject
Global
	GlobalSection(SolutionConfigurationPlatforms) = preSolution
		Debug|Any CPU = Debug|Any CPU
		Release|Any CPU = Release|Any CPU
	EndGlobalSection
	GlobalSection(ProjectConfigurationPlatforms) = postSolution
		{A246475C-7D00-4AC3-8F7F-7F1AAFEFA31B}.Debug|Any CPU.ActiveCfg = Debug|Any CPU
		{A246475C-7D00-4AC3-8F7F-7F1AAFEFA31B}.Debug|Any CPU.Build.0 = Debug|Any CPU
		{A246475C-7D00-4AC3-8F7F-7F1AAFEFA31B}.Release|Any CPU.ActiveCfg = Release|Any CPU
		{A246475C-7D00-4AC3-8F7F-7F1AAFEFA31B}.Release|Any CPU.Build.0 = Release|Any CPU
	EndGlobalSection
	GlobalSection(SolutionProperties) = preSolution
		HideSolutionNode = FALSE
	EndGlobalSection
	GlobalSection(ExtensibilityGlobals) = postSolution
		SolutionGuid = {75D48B9D-7992-425F-9880-2795BA49A5EA}
	EndGlobalSection
EndGlobal
